
Microsoft Visual Studio Solution File, Format Version 12.00
# Visual Studio Version 16
VisualStudioVersion = 16.0.30204.135
MinimumVisualStudioVersion = 10.0.40219.1
Project("{FAE04EC0-301F-11D3-BF4B-00C04F79EFBC}") = "app_binder", "app_binder\app_binder.csproj", "{BEA3B239-523E-4DC8-8C84-DBA143EEFA21}"
EndProject
Global
	GlobalSection(SolutionConfigurationPlatforms) = preSolution
		Debug|Any CPU = Debug|Any CPU
		Release|Any CPU = Release|Any CPU
	EndGlobalSection
	GlobalSection(ProjectConfigurationPlatforms) = postSolution
		{BEA3B239-523E-4DC8-8C84-DBA143EEFA21}.Debug|Any CPU.ActiveCfg = Debug|Any CPU
		{BEA3B239-523E-4DC8-8C84-DBA143EEFA21}.Debug|Any CPU.Build.0 = Debug|Any CPU
		{BEA3B239-523E-4DC8-8C84-DBA143EEFA21}.Release|Any CPU.ActiveCfg = Release|Any CPU
		{BEA3B239-523E-4DC8-8C84-DBA143EEFA21}.Release|Any CPU.Build.0 = Release|Any CPU
	EndGlobalSection
	GlobalSection(SolutionProperties) = preSolution
		HideSolutionNode = FALSE
	EndGlobalSection
	GlobalSection(ExtensibilityGlobals) = postSolution
		SolutionGuid = {17F1C8A2-CBDF-4FAD-8FE5-91C1BBD27C75}
	EndGlobalSection
EndGlobal
